
Microsoft Visual Studio Solution File, Format Version 12.00
# Visual Studio Version 17
VisualStudioVersion = 17.0.31903.59
MinimumVisualStudioVersion = 10.0.40219.1
Project("{FAE04EC0-301F-11D3-BF4B-00C04F79EFBC}") = "MealPlanner", "MealPlanner\MealPlanner.csproj", "{BBCAC89C-4463-4E94-BA1E-EE8ADFE005F0}"
EndProject
Project("{FAE04EC0-301F-11D3-BF4B-00C04F79EFBC}") = "MealPlanner.Tests", "MealPlanner.Tests\MealPlanner.Tests.csproj", "{FB168F25-9B12-404B-AC21-EFEF0EF10A3A}"
EndProject
Global
	GlobalSection(SolutionConfigurationPlatforms) = preSolution
		Debug|Any CPU = Debug|Any CPU
		Debug|x64 = Debug|x64
		Debug|x86 = Debug|x86
		Release|Any CPU = Release|Any CPU
		Release|x64 = Release|x64
		Release|x86 = Release|x86
	EndGlobalSection
	GlobalSection(ProjectConfigurationPlatforms) = postSolution
		{BBCAC89C-4463-4E94-BA1E-EE8ADFE005F0}.Debug|Any CPU.ActiveCfg = Debug|Any CPU
		{BBCAC89C-4463-4E94-BA1E-EE8ADFE005F0}.Debug|Any CPU.Build.0 = Debug|Any CPU
		{BBCAC89C-4463-4E94-BA1E-EE8ADFE005F0}.Debug|x64.ActiveCfg = Debug|Any CPU
		{BBCAC89C-4463-4E94-BA1E-EE8ADFE005F0}.Debug|x64.Build.0 = Debug|Any CPU
		{BBCAC89C-4463-4E94-BA1E-EE8ADFE005F0}.Debug|x86.ActiveCfg = Debug|Any CPU
		{BBCAC89C-4463-4E94-BA1E-EE8ADFE005F0}.Debug|x86.Build.0 = Debug|Any CPU
		{BBCAC89C-4463-4E94-BA1E-EE8ADFE005F0}.Release|Any CPU.ActiveCfg = Release|Any CPU
		{BBCAC89C-4463-4E94-BA1E-EE8ADFE005F0}.Release|Any CPU.Build.0 = Release|Any CPU
		{BBCAC89C-4463-4E94-BA1E-EE8ADFE005F0}.Release|x64.ActiveCfg = Release|Any CPU
		{BBCAC89C-4463-4E94-BA1E-EE8ADFE005F0}.Release|x64.Build.0 = Release|Any CPU
		{BBCAC89C-4463-4E94-BA1E-EE8ADFE005F0}.Release|x86.ActiveCfg = Release|Any CPU
		{BBCAC89C-4463-4E94-BA1E-EE8ADFE005F0}.Release|x86.Build.0 = Release|Any CPU
		{FB168F25-9B12-404B-AC21-EFEF0EF10A3A}.Debug|Any CPU.ActiveCfg = Debug|Any CPU
		{FB168F25-9B12-404B-AC21-EFEF0EF10A3A}.Debug|Any CPU.Build.0 = Debug|Any CPU
		{FB168F25-9B12-404B-AC21-EFEF0EF10A3A}.Debug|x64.ActiveCfg = Debug|Any CPU
		{FB168F25-9B12-404B-AC21-EFEF0EF10A3A}.Debug|x64.Build.0 = Debug|Any CPU
		{FB168F25-9B12-404B-AC21-EFEF0EF10A3A}.Debug|x86.ActiveCfg = Debug|Any CPU
		{FB168F25-9B12-404B-AC21-EFEF0EF10A3A}.Debug|x86.Build.0 = Debug|Any CPU
		{FB168F25-9B12-404B-AC21-EFEF0EF10A3A}.Release|Any CPU.ActiveCfg = Release|Any CPU
		{FB168F25-9B12-404B-AC21-EFEF0EF10A3A}.Release|Any CPU.Build.0 = Release|Any CPU
		{FB168F25-9B12-404B-AC21-EFEF0EF10A3A}.Release|x64.ActiveCfg = Release|Any CPU
		{FB168F25-9B12-404B-AC21-EFEF0EF10A3A}.Release|x64.Build.0 = Release|Any CPU
		{FB168F25-9B12-404B-AC21-EFEF0EF10A3A}.Release|x86.ActiveCfg = Release|Any CPU
		{FB168F25-9B12-404B-AC21-EFEF0EF10A3A}.Release|x86.Build.0 = Release|Any CPU
	EndGlobalSection
	GlobalSection(SolutionProperties) = preSolution
		HideSolutionNode = FALSE
	EndGlobalSection
EndGlobal
